// !$*UTF8*$!
{
	archiveVersion = 1;
	classes = {
	};
	objectVersion = 55;
	objects = {

/* Begin PBXBuildFile section */
		9650E4B928D10318001923DB /* Example_4_8.swift in Sources */ = {isa = PBXBuildFile; fileRef = 9650E4B828D10318001923DB /* Example_4_8.swift */; };
		9650E4BB28D104E1001923DB /* Example_4_9.swift in Sources */ = {isa = PBXBuildFile; fileRef = 9650E4BA28D104E1001923DB /* Example_4_9.swift */; };
		9650E4BD28D1062D001923DB /* Example_4_10.swift in Sources */ = {isa = PBXBuildFile; fileRef = 9650E4BC28D1062D001923DB /* Example_4_10.swift */; };
		9650E4BF28D107AF001923DB /* Example_4_11.swift in Sources */ = {isa = PBXBuildFile; fileRef = 9650E4BE28D107AF001923DB /* Example_4_11.swift */; };
		9650E4C128D10942001923DB /* Example_4_12.swift in Sources */ = {isa = PBXBuildFile; fileRef = 9650E4C028D10942001923DB /* Example_4_12.swift */; };
		9650E4C328D10A0D001923DB /* Example_4_13.swift in Sources */ = {isa = PBXBuildFile; fileRef = 9650E4C228D10A0D001923DB /* Example_4_13.swift */; };
		9650E4C528D10E56001923DB /* Example_4_14.swift in Sources */ = {isa = PBXBuildFile; fileRef = 9650E4C428D10E56001923DB /* Example_4_14.swift */; };
		9650E4C728D11259001923DB /* Example_4_15.swift in Sources */ = {isa = PBXBuildFile; fileRef = 9650E4C628D11259001923DB /* Example_4_15.swift */; };
		9650E4C928D11480001923DB /* Example_4_16.swift in Sources */ = {isa = PBXBuildFile; fileRef = 9650E4C828D11480001923DB /* Example_4_16.swift */; };
		9650E4CB28D1158A001923DB /* Example_4_17.swift in Sources */ = {isa = PBXBuildFile; fileRef = 9650E4CA28D1158A001923DB /* Example_4_17.swift */; };
		9650E4CD28D116DD001923DB /* Example_4_18.swift in Sources */ = {isa = PBXBuildFile; fileRef = 9650E4CC28D116DD001923DB /* Example_4_18.swift */; };
		9650E4CF28D118C7001923DB /* Example_4_19.swift in Sources */ = {isa = PBXBuildFile; fileRef = 9650E4CE28D118C7001923DB /* Example_4_19.swift */; };
		9662C5D028C9A3CE0053C255 /* Example_1_1.swift in Sources */ = {isa = PBXBuildFile; fileRef = 9662C5CF28C9A3CE0053C255 /* Example_1_1.swift */; };
		9662C5D528C9A7160053C255 /* Example_1_2.swift in Sources */ = {isa = PBXBuildFile; fileRef = 9662C5D428C9A7160053C255 /* Example_1_2.swift */; };
		9665279828D612D500BF5DA6 /* Example_7_5.swift in Sources */ = {isa = PBXBuildFile; fileRef = 9665279728D612D500BF5DA6 /* Example_7_5.swift */; };
		9665279A28D61C4100BF5DA6 /* Example_7_6.swift in Sources */ = {isa = PBXBuildFile; fileRef = 9665279928D61C4100BF5DA6 /* Example_7_6.swift */; };
		9665279C28D63C6900BF5DA6 /* Example_7_7.swift in Sources */ = {isa = PBXBuildFile; fileRef = 9665279B28D63C6900BF5DA6 /* Example_7_7.swift */; };
		9665279F28D63FD800BF5DA6 /* Example_8_Main.swift in Sources */ = {isa = PBXBuildFile; fileRef = 9665279E28D63FD800BF5DA6 /* Example_8_Main.swift */; };
		966527A128D6407100BF5DA6 /* Example_8_1.swift in Sources */ = {isa = PBXBuildFile; fileRef = 966527A028D6407100BF5DA6 /* Example_8_1.swift */; };
		967648A728CBB2DD0027F77E /* Example_2_1.swift in Sources */ = {isa = PBXBuildFile; fileRef = 967648A628CBB2DD0027F77E /* Example_2_1.swift */; };
		967648A928CBB70A0027F77E /* Example_2_2.swift in Sources */ = {isa = PBXBuildFile; fileRef = 967648A828CBB70A0027F77E /* Example_2_2.swift */; };
		967648AB28CBB8CD0027F77E /* Example_2_3.swift in Sources */ = {isa = PBXBuildFile; fileRef = 967648AA28CBB8CD0027F77E /* Example_2_3.swift */; };
		967648AD28CBBA250027F77E /* Example_2_4.swift in Sources */ = {isa = PBXBuildFile; fileRef = 967648AC28CBBA250027F77E /* Example_2_4.swift */; };
		967648AF28CBBC340027F77E /* Example_2_5.swift in Sources */ = {isa = PBXBuildFile; fileRef = 967648AE28CBBC340027F77E /* Example_2_5.swift */; };
		967648B128CBC6EF0027F77E /* Example_2_6.swift in Sources */ = {isa = PBXBuildFile; fileRef = 967648B028CBC6EF0027F77E /* Example_2_6.swift */; };
		968DFB3628CB5DEC00657D72 /* Example_1_Main.swift in Sources */ = {isa = PBXBuildFile; fileRef = 968DFB3528CB5DEC00657D72 /* Example_1_Main.swift */; };
		968DFB3928CB822300657D72 /* Example_2_Main.swift in Sources */ = {isa = PBXBuildFile; fileRef = 968DFB3828CB822300657D72 /* Example_2_Main.swift */; };
		968EA54028CF932E00736416 /* Example_4_3.swift in Sources */ = {isa = PBXBuildFile; fileRef = 968EA53F28CF932E00736416 /* Example_4_3.swift */; };
		968EA54228CFA9A200736416 /* Example_4_4.swift in Sources */ = {isa = PBXBuildFile; fileRef = 968EA54128CFA9A200736416 /* Example_4_4.swift */; };
		968EA54428CFAAC300736416 /* Example_4_5.swift in Sources */ = {isa = PBXBuildFile; fileRef = 968EA54328CFAAC300736416 /* Example_4_5.swift */; };
		968EA54628CFAD3100736416 /* Example_4_6.swift in Sources */ = {isa = PBXBuildFile; fileRef = 968EA54528CFAD3100736416 /* Example_4_6.swift */; };
		968EA54828CFAF8100736416 /* Example_4_7.swift in Sources */ = {isa = PBXBuildFile; fileRef = 968EA54728CFAF8100736416 /* Example_4_7.swift */; };
		968F064728CA28AD00D364E4 /* Example_1_3.swift in Sources */ = {isa = PBXBuildFile; fileRef = 968F064628CA28AD00D364E4 /* Example_1_3.swift */; };
		968F064928CA2B1300D364E4 /* Example_1_4.swift in Sources */ = {isa = PBXBuildFile; fileRef = 968F064828CA2B1300D364E4 /* Example_1_4.swift */; };
		968F064B28CA41D900D364E4 /* Example_1_5.swift in Sources */ = {isa = PBXBuildFile; fileRef = 968F064A28CA41D900D364E4 /* Example_1_5.swift */; };
		968F064D28CA546E00D364E4 /* Example_1_6.swift in Sources */ = {isa = PBXBuildFile; fileRef = 968F064C28CA546E00D364E4 /* Example_1_6.swift */; };
		968F064F28CA55E900D364E4 /* Example_1_7.swift in Sources */ = {isa = PBXBuildFile; fileRef = 968F064E28CA55E900D364E4 /* Example_1_7.swift */; };
		968F065128CA56B900D364E4 /* Example_1_8.swift in Sources */ = {isa = PBXBuildFile; fileRef = 968F065028CA56B900D364E4 /* Example_1_8.swift */; };
		968F065328CA6FA500D364E4 /* Example_1_9.swift in Sources */ = {isa = PBXBuildFile; fileRef = 968F065228CA6FA500D364E4 /* Example_1_9.swift */; };
		968F065528CA715500D364E4 /* Example_1_10.swift in Sources */ = {isa = PBXBuildFile; fileRef = 968F065428CA715500D364E4 /* Example_1_10.swift */; };
		968F065728CA73EE00D364E4 /* Example_1_11.swift in Sources */ = {isa = PBXBuildFile; fileRef = 968F065628CA73EE00D364E4 /* Example_1_11.swift */; };
		968F065928CA74A800D364E4 /* Example_1_12.swift in Sources */ = {isa = PBXBuildFile; fileRef = 968F065828CA74A800D364E4 /* Example_1_12.swift */; };
		969944BA28C799A5001F98D4 /* iDineApp.swift in Sources */ = {isa = PBXBuildFile; fileRef = 969944B928C799A5001F98D4 /* iDineApp.swift */; };
		969944BC28C799A5001F98D4 /* ContentView.swift in Sources */ = {isa = PBXBuildFile; fileRef = 969944BB28C799A5001F98D4 /* ContentView.swift */; };
		969944BE28C799A7001F98D4 /* Assets.xcassets in Resources */ = {isa = PBXBuildFile; fileRef = 969944BD28C799A7001F98D4 /* Assets.xcassets */; };
		969944C128C799A7001F98D4 /* Preview Assets.xcassets in Resources */ = {isa = PBXBuildFile; fileRef = 969944C028C799A7001F98D4 /* Preview Assets.xcassets */; };
		969944CB28C79B42001F98D4 /* menu.json in Resources */ = {isa = PBXBuildFile; fileRef = 969944C728C79B42001F98D4 /* menu.json */; };
		969944CC28C79B42001F98D4 /* Helper.swift in Sources */ = {isa = PBXBuildFile; fileRef = 969944C828C79B42001F98D4 /* Helper.swift */; };
		969944CD28C79B42001F98D4 /* Menu.swift in Sources */ = {isa = PBXBuildFile; fileRef = 969944C928C79B42001F98D4 /* Menu.swift */; };
		969944CE28C79B42001F98D4 /* Order.swift in Sources */ = {isa = PBXBuildFile; fileRef = 969944CA28C79B42001F98D4 /* Order.swift */; };
		96994EF528D37CDC002ECBDD /* Example_5_6.swift in Sources */ = {isa = PBXBuildFile; fileRef = 96994EF428D37CDC002ECBDD /* Example_5_6.swift */; };
		96994EF728D37E13002ECBDD /* Example_5_7.swift in Sources */ = {isa = PBXBuildFile; fileRef = 96994EF628D37E13002ECBDD /* Example_5_7.swift */; };
		96994EFA28D37EB5002ECBDD /* Example_6_Main.swift in Sources */ = {isa = PBXBuildFile; fileRef = 96994EF928D37EB5002ECBDD /* Example_6_Main.swift */; };
		96994EFC28D37EDF002ECBDD /* Example_6_1.swift in Sources */ = {isa = PBXBuildFile; fileRef = 96994EFB28D37EDF002ECBDD /* Example_6_1.swift */; };
		96994EFE28D3B0CD002ECBDD /* Example_6_2.swift in Sources */ = {isa = PBXBuildFile; fileRef = 96994EFD28D3B0CD002ECBDD /* Example_6_2.swift */; };
		96994F0028D3B329002ECBDD /* Example_6_3.swift in Sources */ = {isa = PBXBuildFile; fileRef = 96994EFF28D3B329002ECBDD /* Example_6_3.swift */; };
		969C158A28D5A76600A920DC /* Example_7_Main.swift in Sources */ = {isa = PBXBuildFile; fileRef = 969C158928D5A76600A920DC /* Example_7_Main.swift */; };
		969C158C28D5A78300A920DC /* Example_7_1.swift in Sources */ = {isa = PBXBuildFile; fileRef = 969C158B28D5A78300A920DC /* Example_7_1.swift */; };
		969C158E28D5D37C00A920DC /* Example_7_2.swift in Sources */ = {isa = PBXBuildFile; fileRef = 969C158D28D5D37C00A920DC /* Example_7_2.swift */; };
		969C159028D5D5BD00A920DC /* Example_7_3.swift in Sources */ = {isa = PBXBuildFile; fileRef = 969C158F28D5D5BD00A920DC /* Example_7_3.swift */; };
		969C159228D5D96B00A920DC /* Example_7_4.swift in Sources */ = {isa = PBXBuildFile; fileRef = 969C159128D5D96B00A920DC /* Example_7_4.swift */; };
		969C571628C8E2AE00D1BA9C /* ItemRow.swift in Sources */ = {isa = PBXBuildFile; fileRef = 969C571528C8E2AE00D1BA9C /* ItemRow.swift */; };
		969C571828C8EBDE00D1BA9C /* ItemDetail.swift in Sources */ = {isa = PBXBuildFile; fileRef = 969C571728C8EBDE00D1BA9C /* ItemDetail.swift */; };
		969C571A28C8FD0D00D1BA9C /* OrderView.swift in Sources */ = {isa = PBXBuildFile; fileRef = 969C571928C8FD0C00D1BA9C /* OrderView.swift */; };
		969C571C28C8FFBD00D1BA9C /* MainView.swift in Sources */ = {isa = PBXBuildFile; fileRef = 969C571B28C8FFBD00D1BA9C /* MainView.swift */; };
		969C571E28C90E8B00D1BA9C /* CheckoutView.swift in Sources */ = {isa = PBXBuildFile; fileRef = 969C571D28C90E8B00D1BA9C /* CheckoutView.swift */; };
		969C572028C9234D00D1BA9C /* MyLearnings.swift in Sources */ = {isa = PBXBuildFile; fileRef = 969C571F28C9234D00D1BA9C /* MyLearnings.swift */; };
		969C66A728CC50D9005EAC29 /* Example_2_7.swift in Sources */ = {isa = PBXBuildFile; fileRef = 969C66A628CC50D9005EAC29 /* Example_2_7.swift */; };
		969C66A928CC5921005EAC29 /* Example_2_8.swift in Sources */ = {isa = PBXBuildFile; fileRef = 969C66A828CC5921005EAC29 /* Example_2_8.swift */; };
		969C66AB28CC6A02005EAC29 /* Example_2_9.swift in Sources */ = {isa = PBXBuildFile; fileRef = 969C66AA28CC6A02005EAC29 /* Example_2_9.swift */; };
		969C66AD28CC6BA9005EAC29 /* Example_2_10.swift in Sources */ = {isa = PBXBuildFile; fileRef = 969C66AC28CC6BA9005EAC29 /* Example_2_10.swift */; };
		969C66AF28CC6E86005EAC29 /* Example_2_11.swift in Sources */ = {isa = PBXBuildFile; fileRef = 969C66AE28CC6E86005EAC29 /* Example_2_11.swift */; };
		969C66B128CC709B005EAC29 /* Example_2_12.swift in Sources */ = {isa = PBXBuildFile; fileRef = 969C66B028CC709B005EAC29 /* Example_2_12.swift */; };
		969C66B428CC73F6005EAC29 /* Example_3_Main.swift in Sources */ = {isa = PBXBuildFile; fileRef = 969C66B328CC73F6005EAC29 /* Example_3_Main.swift */; };
		969C66B628CC756E005EAC29 /* Example_3_1.swift in Sources */ = {isa = PBXBuildFile; fileRef = 969C66B528CC756E005EAC29 /* Example_3_1.swift */; };
		969C66B828CCA981005EAC29 /* Example_3_2.swift in Sources */ = {isa = PBXBuildFile; fileRef = 969C66B728CCA981005EAC29 /* Example_3_2.swift */; };
		969C66BA28CCABAA005EAC29 /* Example_3_3.swift in Sources */ = {isa = PBXBuildFile; fileRef = 969C66B928CCABAA005EAC29 /* Example_3_3.swift */; };
		969D29C428D4B88C00443238 /* Example_6_4.swift in Sources */ = {isa = PBXBuildFile; fileRef = 969D29C328D4B88C00443238 /* Example_6_4.swift */; };
		969D29C628D4B9C500443238 /* Example_6_5.swift in Sources */ = {isa = PBXBuildFile; fileRef = 969D29C528D4B9C500443238 /* Example_6_5.swift */; };
		969D29C828D4BB2300443238 /* Example_6_6.swift in Sources */ = {isa = PBXBuildFile; fileRef = 969D29C728D4BB2300443238 /* Example_6_6.swift */; };
		969D29CA28D4BE4200443238 /* Example_6_7.swift in Sources */ = {isa = PBXBuildFile; fileRef = 969D29C928D4BE4200443238 /* Example_6_7.swift */; };
		969D29CC28D4BFD900443238 /* Example_6_8.swift in Sources */ = {isa = PBXBuildFile; fileRef = 969D29CB28D4BFD900443238 /* Example_6_8.swift */; };
		969E72BC28D6C43400422DA6 /* Example_8_2.swift in Sources */ = {isa = PBXBuildFile; fileRef = 969E72BB28D6C43400422DA6 /* Example_8_2.swift */; };
		969E72BE28D6CA8100422DA6 /* Example_8_3.swift in Sources */ = {isa = PBXBuildFile; fileRef = 969E72BD28D6CA8100422DA6 /* Example_8_3.swift */; };
		969E72C028D6CE3500422DA6 /* Example_8_4.swift in Sources */ = {isa = PBXBuildFile; fileRef = 969E72BF28D6CE3500422DA6 /* Example_8_4.swift */; };
		969E72C228D6D24E00422DA6 /* Example_8_5.swift in Sources */ = {isa = PBXBuildFile; fileRef = 969E72C128D6D24E00422DA6 /* Example_8_5.swift */; };
		969E72C428D6D79100422DA6 /* Example_8_6.swift in Sources */ = {isa = PBXBuildFile; fileRef = 969E72C328D6D79100422DA6 /* Example_8_6.swift */; };
		969E72C628D7014000422DA6 /* Example_8_7.swift in Sources */ = {isa = PBXBuildFile; fileRef = 969E72C528D7014000422DA6 /* Example_8_7.swift */; };
		969E72C828D7030D00422DA6 /* Example_8_8.swift in Sources */ = {isa = PBXBuildFile; fileRef = 969E72C728D7030D00422DA6 /* Example_8_8.swift */; };
		969E72CA28D70B8500422DA6 /* Example_8_9.swift in Sources */ = {isa = PBXBuildFile; fileRef = 969E72C928D70B8500422DA6 /* Example_8_9.swift */; };
		96B8100628D1C2B900F76E8B /* Example_5_Main.swift in Sources */ = {isa = PBXBuildFile; fileRef = 96B8100528D1C2B900F76E8B /* Example_5_Main.swift */; };
		96B8100828D1C33900F76E8B /* Example_5_1.swift in Sources */ = {isa = PBXBuildFile; fileRef = 96B8100728D1C33900F76E8B /* Example_5_1.swift */; };
		96B8100A28D1C56E00F76E8B /* Example_5_2.swift in Sources */ = {isa = PBXBuildFile; fileRef = 96B8100928D1C56E00F76E8B /* Example_5_2.swift */; };
		96B8100C28D1F39D00F76E8B /* AppDelegate.swift in Sources */ = {isa = PBXBuildFile; fileRef = 96B8100B28D1F39D00F76E8B /* AppDelegate.swift */; };
		96B8100E28D1F95700F76E8B /* Example_5_3.swift in Sources */ = {isa = PBXBuildFile; fileRef = 96B8100D28D1F95700F76E8B /* Example_5_3.swift */; };
		96B8101028D203CB00F76E8B /* Example_5_4.swift in Sources */ = {isa = PBXBuildFile; fileRef = 96B8100F28D203CB00F76E8B /* Example_5_4.swift */; };
		96B8101228D2068800F76E8B /* Example_5_5.swift in Sources */ = {isa = PBXBuildFile; fileRef = 96B8101128D2068800F76E8B /* Example_5_5.swift */; };
		96B8101428D212F300F76E8B /* Example_5_5_1.swift in Sources */ = {isa = PBXBuildFile; fileRef = 96B8101328D212F300F76E8B /* Example_5_5_1.swift */; };
		96E3EBB628CDC838007C60AC /* Example_3_4.swift in Sources */ = {isa = PBXBuildFile; fileRef = 96E3EBB528CDC838007C60AC /* Example_3_4.swift */; };
		96E3EBB828CDD140007C60AC /* Example_3_5.swift in Sources */ = {isa = PBXBuildFile; fileRef = 96E3EBB728CDD140007C60AC /* Example_3_5.swift */; };
		96E3EBBA28CDD39E007C60AC /* Example_3_6.swift in Sources */ = {isa = PBXBuildFile; fileRef = 96E3EBB928CDD39E007C60AC /* Example_3_6.swift */; };
		96E3EBBC28CDD5AD007C60AC /* Example_3_7.swift in Sources */ = {isa = PBXBuildFile; fileRef = 96E3EBBB28CDD5AD007C60AC /* Example_3_7.swift */; };
		96E3EBBE28CDF07F007C60AC /* Example_3_8.swift in Sources */ = {isa = PBXBuildFile; fileRef = 96E3EBBD28CDF07F007C60AC /* Example_3_8.swift */; };
		96E3EBC128CE0242007C60AC /* Example_4_Main.swift in Sources */ = {isa = PBXBuildFile; fileRef = 96E3EBC028CE0242007C60AC /* Example_4_Main.swift */; };
		96E3EBC328CE06DC007C60AC /* Example_4_1.swift in Sources */ = {isa = PBXBuildFile; fileRef = 96E3EBC228CE06DC007C60AC /* Example_4_1.swift */; };
		96E3EBC528CE1943007C60AC /* Example_4_2.swift in Sources */ = {isa = PBXBuildFile; fileRef = 96E3EBC428CE1943007C60AC /* Example_4_2.swift */; };
/* End PBXBuildFile section */

/* Begin PBXFileReference section */
		9650E4B828D10318001923DB /* Example_4_8.swift */ = {isa = PBXFileReference; lastKnownFileType = sourcecode.swift; path = Example_4_8.swift; sourceTree = "<group>"; };
		9650E4BA28D104E1001923DB /* Example_4_9.swift */ = {isa = PBXFileReference; lastKnownFileType = sourcecode.swift; path = Example_4_9.swift; sourceTree = "<group>"; };
		9650E4BC28D1062D001923DB /* Example_4_10.swift */ = {isa = PBXFileReference; lastKnownFileType = sourcecode.swift; path = Example_4_10.swift; sourceTree = "<group>"; };
		9650E4BE28D107AF001923DB /* Example_4_11.swift */ = {isa = PBXFileReference; lastKnownFileType = sourcecode.swift; path = Example_4_11.swift; sourceTree = "<group>"; };
		9650E4C028D10942001923DB /* Example_4_12.swift */ = {isa = PBXFileReference; lastKnownFileType = sourcecode.swift; path = Example_4_12.swift; sourceTree = "<group>"; };
		9650E4C228D10A0D001923DB /* Example_4_13.swift */ = {isa = PBXFileReference; lastKnownFileType = sourcecode.swift; path = Example_4_13.swift; sourceTree = "<group>"; };
		9650E4C428D10E56001923DB /* Example_4_14.swift */ = {isa = PBXFileReference; lastKnownFileType = sourcecode.swift; path = Example_4_14.swift; sourceTree = "<group>"; };
		9650E4C628D11259001923DB /* Example_4_15.swift */ = {isa = PBXFileReference; lastKnownFileType = sourcecode.swift; path = Example_4_15.swift; sourceTree = "<group>"; };
		9650E4C828D11480001923DB /* Example_4_16.swift */ = {isa = PBXFileReference; lastKnownFileType = sourcecode.swift; path = Example_4_16.swift; sourceTree = "<group>"; };
		9650E4CA28D1158A001923DB /* Example_4_17.swift */ = {isa = PBXFileReference; lastKnownFileType = sourcecode.swift; path = Example_4_17.swift; sourceTree = "<group>"; };
		9650E4CC28D116DD001923DB /* Example_4_18.swift */ = {isa = PBXFileReference; lastKnownFileType = sourcecode.swift; path = Example_4_18.swift; sourceTree = "<group>"; };
		9650E4CE28D118C7001923DB /* Example_4_19.swift */ = {isa = PBXFileReference; lastKnownFileType = sourcecode.swift; path = Example_4_19.swift; sourceTree = "<group>"; };
		9662C5CF28C9A3CE0053C255 /* Example_1_1.swift */ = {isa = PBXFileReference; lastKnownFileType = sourcecode.swift; path = Example_1_1.swift; sourceTree = "<group>"; };
		9662C5D428C9A7160053C255 /* Example_1_2.swift */ = {isa = PBXFileReference; lastKnownFileType = sourcecode.swift; path = Example_1_2.swift; sourceTree = "<group>"; };
		9665279728D612D500BF5DA6 /* Example_7_5.swift */ = {isa = PBXFileReference; lastKnownFileType = sourcecode.swift; path = Example_7_5.swift; sourceTree = "<group>"; };
		9665279928D61C4100BF5DA6 /* Example_7_6.swift */ = {isa = PBXFileReference; lastKnownFileType = sourcecode.swift; path = Example_7_6.swift; sourceTree = "<group>"; };
		9665279B28D63C6900BF5DA6 /* Example_7_7.swift */ = {isa = PBXFileReference; lastKnownFileType = sourcecode.swift; path = Example_7_7.swift; sourceTree = "<group>"; };
		9665279E28D63FD800BF5DA6 /* Example_8_Main.swift */ = {isa = PBXFileReference; lastKnownFileType = sourcecode.swift; path = Example_8_Main.swift; sourceTree = "<group>"; };
		966527A028D6407100BF5DA6 /* Example_8_1.swift */ = {isa = PBXFileReference; lastKnownFileType = sourcecode.swift; path = Example_8_1.swift; sourceTree = "<group>"; };
		967648A628CBB2DD0027F77E /* Example_2_1.swift */ = {isa = PBXFileReference; lastKnownFileType = sourcecode.swift; path = Example_2_1.swift; sourceTree = "<group>"; };
		967648A828CBB70A0027F77E /* Example_2_2.swift */ = {isa = PBXFileReference; lastKnownFileType = sourcecode.swift; path = Example_2_2.swift; sourceTree = "<group>"; };
		967648AA28CBB8CD0027F77E /* Example_2_3.swift */ = {isa = PBXFileReference; lastKnownFileType = sourcecode.swift; path = Example_2_3.swift; sourceTree = "<group>"; };
		967648AC28CBBA250027F77E /* Example_2_4.swift */ = {isa = PBXFileReference; lastKnownFileType = sourcecode.swift; path = Example_2_4.swift; sourceTree = "<group>"; };
		967648AE28CBBC340027F77E /* Example_2_5.swift */ = {isa = PBXFileReference; lastKnownFileType = sourcecode.swift; path = Example_2_5.swift; sourceTree = "<group>"; };
		967648B028CBC6EF0027F77E /* Example_2_6.swift */ = {isa = PBXFileReference; lastKnownFileType = sourcecode.swift; path = Example_2_6.swift; sourceTree = "<group>"; };
		968DFB3528CB5DEC00657D72 /* Example_1_Main.swift */ = {isa = PBXFileReference; lastKnownFileType = sourcecode.swift; path = Example_1_Main.swift; sourceTree = "<group>"; };
		968DFB3828CB822300657D72 /* Example_2_Main.swift */ = {isa = PBXFileReference; lastKnownFileType = sourcecode.swift; path = Example_2_Main.swift; sourceTree = "<group>"; };
		968EA53F28CF932E00736416 /* Example_4_3.swift */ = {isa = PBXFileReference; lastKnownFileType = sourcecode.swift; path = Example_4_3.swift; sourceTree = "<group>"; };
		968EA54128CFA9A200736416 /* Example_4_4.swift */ = {isa = PBXFileReference; lastKnownFileType = sourcecode.swift; path = Example_4_4.swift; sourceTree = "<group>"; };
		968EA54328CFAAC300736416 /* Example_4_5.swift */ = {isa = PBXFileReference; lastKnownFileType = sourcecode.swift; path = Example_4_5.swift; sourceTree = "<group>"; };
		968EA54528CFAD3100736416 /* Example_4_6.swift */ = {isa = PBXFileReference; lastKnownFileType = sourcecode.swift; path = Example_4_6.swift; sourceTree = "<group>"; };
		968EA54728CFAF8100736416 /* Example_4_7.swift */ = {isa = PBXFileReference; lastKnownFileType = sourcecode.swift; path = Example_4_7.swift; sourceTree = "<group>"; };
		968F064628CA28AD00D364E4 /* Example_1_3.swift */ = {isa = PBXFileReference; lastKnownFileType = sourcecode.swift; path = Example_1_3.swift; sourceTree = "<group>"; };
		968F064828CA2B1300D364E4 /* Example_1_4.swift */ = {isa = PBXFileReference; lastKnownFileType = sourcecode.swift; path = Example_1_4.swift; sourceTree = "<group>"; };
		968F064A28CA41D900D364E4 /* Example_1_5.swift */ = {isa = PBXFileReference; lastKnownFileType = sourcecode.swift; path = Example_1_5.swift; sourceTree = "<group>"; };
		968F064C28CA546E00D364E4 /* Example_1_6.swift */ = {isa = PBXFileReference; lastKnownFileType = sourcecode.swift; path = Example_1_6.swift; sourceTree = "<group>"; };
		968F064E28CA55E900D364E4 /* Example_1_7.swift */ = {isa = PBXFileReference; lastKnownFileType = sourcecode.swift; path = Example_1_7.swift; sourceTree = "<group>"; };
		968F065028CA56B900D364E4 /* Example_1_8.swift */ = {isa = PBXFileReference; lastKnownFileType = sourcecode.swift; path = Example_1_8.swift; sourceTree = "<group>"; };
		968F065228CA6FA500D364E4 /* Example_1_9.swift */ = {isa = PBXFileReference; lastKnownFileType = sourcecode.swift; path = Example_1_9.swift; sourceTree = "<group>"; };
		968F065428CA715500D364E4 /* Example_1_10.swift */ = {isa = PBXFileReference; lastKnownFileType = sourcecode.swift; path = Example_1_10.swift; sourceTree = "<group>"; };
		968F065628CA73EE00D364E4 /* Example_1_11.swift */ = {isa = PBXFileReference; lastKnownFileType = sourcecode.swift; path = Example_1_11.swift; sourceTree = "<group>"; };
		968F065828CA74A800D364E4 /* Example_1_12.swift */ = {isa = PBXFileReference; lastKnownFileType = sourcecode.swift; path = Example_1_12.swift; sourceTree = "<group>"; };
		969944B628C799A5001F98D4 /* iDine.app */ = {isa = PBXFileReference; explicitFileType = wrapper.application; includeInIndex = 0; path = iDine.app; sourceTree = BUILT_PRODUCTS_DIR; };
		969944B928C799A5001F98D4 /* iDineApp.swift */ = {isa = PBXFileReference; lastKnownFileType = sourcecode.swift; path = iDineApp.swift; sourceTree = "<group>"; };
		969944BB28C799A5001F98D4 /* ContentView.swift */ = {isa = PBXFileReference; lastKnownFileType = sourcecode.swift; path = ContentView.swift; sourceTree = "<group>"; };
		969944BD28C799A7001F98D4 /* Assets.xcassets */ = {isa = PBXFileReference; lastKnownFileType = folder.assetcatalog; path = Assets.xcassets; sourceTree = "<group>"; };
		969944C028C799A7001F98D4 /* Preview Assets.xcassets */ = {isa = PBXFileReference; lastKnownFileType = folder.assetcatalog; path = "Preview Assets.xcassets"; sourceTree = "<group>"; };
		969944C728C79B42001F98D4 /* menu.json */ = {isa = PBXFileReference; fileEncoding = 4; lastKnownFileType = text.json; path = menu.json; sourceTree = "<group>"; };
		969944C828C79B42001F98D4 /* Helper.swift */ = {isa = PBXFileReference; fileEncoding = 4; lastKnownFileType = sourcecode.swift; path = Helper.swift; sourceTree = "<group>"; };
		969944C928C79B42001F98D4 /* Menu.swift */ = {isa = PBXFileReference; fileEncoding = 4; lastKnownFileType = sourcecode.swift; path = Menu.swift; sourceTree = "<group>"; };
		969944CA28C79B42001F98D4 /* Order.swift */ = {isa = PBXFileReference; fileEncoding = 4; lastKnownFileType = sourcecode.swift; path = Order.swift; sourceTree = "<group>"; };
		96994EF428D37CDC002ECBDD /* Example_5_6.swift */ = {isa = PBXFileReference; lastKnownFileType = sourcecode.swift; path = Example_5_6.swift; sourceTree = "<group>"; };
		96994EF628D37E13002ECBDD /* Example_5_7.swift */ = {isa = PBXFileReference; lastKnownFileType = sourcecode.swift; path = Example_5_7.swift; sourceTree = "<group>"; };
		96994EF928D37EB5002ECBDD /* Example_6_Main.swift */ = {isa = PBXFileReference; lastKnownFileType = sourcecode.swift; path = Example_6_Main.swift; sourceTree = "<group>"; };
		96994EFB28D37EDF002ECBDD /* Example_6_1.swift */ = {isa = PBXFileReference; lastKnownFileType = sourcecode.swift; path = Example_6_1.swift; sourceTree = "<group>"; };
		96994EFD28D3B0CD002ECBDD /* Example_6_2.swift */ = {isa = PBXFileReference; lastKnownFileType = sourcecode.swift; path = Example_6_2.swift; sourceTree = "<group>"; };
		96994EFF28D3B329002ECBDD /* Example_6_3.swift */ = {isa = PBXFileReference; lastKnownFileType = sourcecode.swift; path = Example_6_3.swift; sourceTree = "<group>"; };
		969C158928D5A76600A920DC /* Example_7_Main.swift */ = {isa = PBXFileReference; lastKnownFileType = sourcecode.swift; path = Example_7_Main.swift; sourceTree = "<group>"; };
		969C158B28D5A78300A920DC /* Example_7_1.swift */ = {isa = PBXFileReference; lastKnownFileType = sourcecode.swift; path = Example_7_1.swift; sourceTree = "<group>"; };
		969C158D28D5D37C00A920DC /* Example_7_2.swift */ = {isa = PBXFileReference; lastKnownFileType = sourcecode.swift; path = Example_7_2.swift; sourceTree = "<group>"; };
		969C158F28D5D5BD00A920DC /* Example_7_3.swift */ = {isa = PBXFileReference; lastKnownFileType = sourcecode.swift; path = Example_7_3.swift; sourceTree = "<group>"; };
		969C159128D5D96B00A920DC /* Example_7_4.swift */ = {isa = PBXFileReference; lastKnownFileType = sourcecode.swift; path = Example_7_4.swift; sourceTree = "<group>"; };
		969C571528C8E2AE00D1BA9C /* ItemRow.swift */ = {isa = PBXFileReference; lastKnownFileType = sourcecode.swift; path = ItemRow.swift; sourceTree = "<group>"; };
		969C571728C8EBDE00D1BA9C /* ItemDetail.swift */ = {isa = PBXFileReference; lastKnownFileType = sourcecode.swift; path = ItemDetail.swift; sourceTree = "<group>"; };
		969C571928C8FD0C00D1BA9C /* OrderView.swift */ = {isa = PBXFileReference; lastKnownFileType = sourcecode.swift; path = OrderView.swift; sourceTree = "<group>"; };
		969C571B28C8FFBD00D1BA9C /* MainView.swift */ = {isa = PBXFileReference; lastKnownFileType = sourcecode.swift; path = MainView.swift; sourceTree = "<group>"; };
		969C571D28C90E8B00D1BA9C /* CheckoutView.swift */ = {isa = PBXFileReference; lastKnownFileType = sourcecode.swift; path = CheckoutView.swift; sourceTree = "<group>"; };
		969C571F28C9234D00D1BA9C /* MyLearnings.swift */ = {isa = PBXFileReference; lastKnownFileType = sourcecode.swift; path = MyLearnings.swift; sourceTree = "<group>"; };
		969C66A628CC50D9005EAC29 /* Example_2_7.swift */ = {isa = PBXFileReference; lastKnownFileType = sourcecode.swift; path = Example_2_7.swift; sourceTree = "<group>"; };
		969C66A828CC5921005EAC29 /* Example_2_8.swift */ = {isa = PBXFileReference; lastKnownFileType = sourcecode.swift; path = Example_2_8.swift; sourceTree = "<group>"; };
		969C66AA28CC6A02005EAC29 /* Example_2_9.swift */ = {isa = PBXFileReference; lastKnownFileType = sourcecode.swift; path = Example_2_9.swift; sourceTree = "<group>"; };
		969C66AC28CC6BA9005EAC29 /* Example_2_10.swift */ = {isa = PBXFileReference; lastKnownFileType = sourcecode.swift; path = Example_2_10.swift; sourceTree = "<group>"; };
		969C66AE28CC6E86005EAC29 /* Example_2_11.swift */ = {isa = PBXFileReference; lastKnownFileType = sourcecode.swift; path = Example_2_11.swift; sourceTree = "<group>"; };
		969C66B028CC709B005EAC29 /* Example_2_12.swift */ = {isa = PBXFileReference; lastKnownFileType = sourcecode.swift; path = Example_2_12.swift; sourceTree = "<group>"; };
		969C66B328CC73F6005EAC29 /* Example_3_Main.swift */ = {isa = PBXFileReference; lastKnownFileType = sourcecode.swift; path = Example_3_Main.swift; sourceTree = "<group>"; };
		969C66B528CC756E005EAC29 /* Example_3_1.swift */ = {isa = PBXFileReference; lastKnownFileType = sourcecode.swift; path = Example_3_1.swift; sourceTree = "<group>"; };
		969C66B728CCA981005EAC29 /* Example_3_2.swift */ = {isa = PBXFileReference; lastKnownFileType = sourcecode.swift; path = Example_3_2.swift; sourceTree = "<group>"; };
		969C66B928CCABAA005EAC29 /* Example_3_3.swift */ = {isa = PBXFileReference; lastKnownFileType = sourcecode.swift; path = Example_3_3.swift; sourceTree = "<group>"; };
		969D29C328D4B88C00443238 /* Example_6_4.swift */ = {isa = PBXFileReference; lastKnownFileType = sourcecode.swift; path = Example_6_4.swift; sourceTree = "<group>"; };
		969D29C528D4B9C500443238 /* Example_6_5.swift */ = {isa = PBXFileReference; lastKnownFileType = sourcecode.swift; path = Example_6_5.swift; sourceTree = "<group>"; };
		969D29C728D4BB2300443238 /* Example_6_6.swift */ = {isa = PBXFileReference; lastKnownFileType = sourcecode.swift; path = Example_6_6.swift; sourceTree = "<group>"; };
		969D29C928D4BE4200443238 /* Example_6_7.swift */ = {isa = PBXFileReference; lastKnownFileType = sourcecode.swift; path = Example_6_7.swift; sourceTree = "<group>"; };
		969D29CB28D4BFD900443238 /* Example_6_8.swift */ = {isa = PBXFileReference; lastKnownFileType = sourcecode.swift; path = Example_6_8.swift; sourceTree = "<group>"; };
		969E72BB28D6C43400422DA6 /* Example_8_2.swift */ = {isa = PBXFileReference; lastKnownFileType = sourcecode.swift; path = Example_8_2.swift; sourceTree = "<group>"; };
		969E72BD28D6CA8100422DA6 /* Example_8_3.swift */ = {isa = PBXFileReference; lastKnownFileType = sourcecode.swift; path = Example_8_3.swift; sourceTree = "<group>"; };
		969E72BF28D6CE3500422DA6 /* Example_8_4.swift */ = {isa = PBXFileReference; lastKnownFileType = sourcecode.swift; path = Example_8_4.swift; sourceTree = "<group>"; };
		969E72C128D6D24E00422DA6 /* Example_8_5.swift */ = {isa = PBXFileReference; lastKnownFileType = sourcecode.swift; path = Example_8_5.swift; sourceTree = "<group>"; };
		969E72C328D6D79100422DA6 /* Example_8_6.swift */ = {isa = PBXFileReference; lastKnownFileType = sourcecode.swift; path = Example_8_6.swift; sourceTree = "<group>"; };
		969E72C528D7014000422DA6 /* Example_8_7.swift */ = {isa = PBXFileReference; lastKnownFileType = sourcecode.swift; path = Example_8_7.swift; sourceTree = "<group>"; };
		969E72C728D7030D00422DA6 /* Example_8_8.swift */ = {isa = PBXFileReference; lastKnownFileType = sourcecode.swift; path = Example_8_8.swift; sourceTree = "<group>"; };
		969E72C928D70B8500422DA6 /* Example_8_9.swift */ = {isa = PBXFileReference; lastKnownFileType = sourcecode.swift; path = Example_8_9.swift; sourceTree = "<group>"; };
		96B8100528D1C2B900F76E8B /* Example_5_Main.swift */ = {isa = PBXFileReference; lastKnownFileType = sourcecode.swift; path = Example_5_Main.swift; sourceTree = "<group>"; };
		96B8100728D1C33900F76E8B /* Example_5_1.swift */ = {isa = PBXFileReference; lastKnownFileType = sourcecode.swift; path = Example_5_1.swift; sourceTree = "<group>"; };
		96B8100928D1C56E00F76E8B /* Example_5_2.swift */ = {isa = PBXFileReference; lastKnownFileType = sourcecode.swift; path = Example_5_2.swift; sourceTree = "<group>"; };
		96B8100B28D1F39D00F76E8B /* AppDelegate.swift */ = {isa = PBXFileReference; lastKnownFileType = sourcecode.swift; path = AppDelegate.swift; sourceTree = "<group>"; };
		96B8100D28D1F95700F76E8B /* Example_5_3.swift */ = {isa = PBXFileReference; lastKnownFileType = sourcecode.swift; path = Example_5_3.swift; sourceTree = "<group>"; };
		96B8100F28D203CB00F76E8B /* Example_5_4.swift */ = {isa = PBXFileReference; lastKnownFileType = sourcecode.swift; path = Example_5_4.swift; sourceTree = "<group>"; };
		96B8101128D2068800F76E8B /* Example_5_5.swift */ = {isa = PBXFileReference; lastKnownFileType = sourcecode.swift; path = Example_5_5.swift; sourceTree = "<group>"; };
		96B8101328D212F300F76E8B /* Example_5_5_1.swift */ = {isa = PBXFileReference; lastKnownFileType = sourcecode.swift; path = Example_5_5_1.swift; sourceTree = "<group>"; };
		96E3EBB528CDC838007C60AC /* Example_3_4.swift */ = {isa = PBXFileReference; lastKnownFileType = sourcecode.swift; path = Example_3_4.swift; sourceTree = "<group>"; };
		96E3EBB728CDD140007C60AC /* Example_3_5.swift */ = {isa = PBXFileReference; lastKnownFileType = sourcecode.swift; path = Example_3_5.swift; sourceTree = "<group>"; };
		96E3EBB928CDD39E007C60AC /* Example_3_6.swift */ = {isa = PBXFileReference; lastKnownFileType = sourcecode.swift; path = Example_3_6.swift; sourceTree = "<group>"; };
		96E3EBBB28CDD5AD007C60AC /* Example_3_7.swift */ = {isa = PBXFileReference; lastKnownFileType = sourcecode.swift; path = Example_3_7.swift; sourceTree = "<group>"; };
		96E3EBBD28CDF07F007C60AC /* Example_3_8.swift */ = {isa = PBXFileReference; lastKnownFileType = sourcecode.swift; path = Example_3_8.swift; sourceTree = "<group>"; };
		96E3EBC028CE0242007C60AC /* Example_4_Main.swift */ = {isa = PBXFileReference; lastKnownFileType = sourcecode.swift; path = Example_4_Main.swift; sourceTree = "<group>"; };
		96E3EBC228CE06DC007C60AC /* Example_4_1.swift */ = {isa = PBXFileReference; lastKnownFileType = sourcecode.swift; path = Example_4_1.swift; sourceTree = "<group>"; };
		96E3EBC428CE1943007C60AC /* Example_4_2.swift */ = {isa = PBXFileReference; lastKnownFileType = sourcecode.swift; path = Example_4_2.swift; sourceTree = "<group>"; };
/* End PBXFileReference section */

/* Begin PBXFrameworksBuildPhase section */
		969944B328C799A5001F98D4 /* Frameworks */ = {
			isa = PBXFrameworksBuildPhase;
			buildActionMask = 2147483647;
			files = (
			);
			runOnlyForDeploymentPostprocessing = 0;
		};
/* End PBXFrameworksBuildPhase section */

/* Begin PBXGroup section */
		9650E4D028D11934001923DB /* Section-5 */ = {
			isa = PBXGroup;
			children = (
				96B8100528D1C2B900F76E8B /* Example_5_Main.swift */,
				96B8100728D1C33900F76E8B /* Example_5_1.swift */,
				96B8100928D1C56E00F76E8B /* Example_5_2.swift */,
				96B8100D28D1F95700F76E8B /* Example_5_3.swift */,
				96B8100F28D203CB00F76E8B /* Example_5_4.swift */,
				96B8101128D2068800F76E8B /* Example_5_5.swift */,
				96B8101328D212F300F76E8B /* Example_5_5_1.swift */,
				96994EF428D37CDC002ECBDD /* Example_5_6.swift */,
				96994EF628D37E13002ECBDD /* Example_5_7.swift */,
			);
			path = "Section-5";
			sourceTree = "<group>";
		};
		9662C5CE28C9A3A50053C255 /* MyLearnings */ = {
			isa = PBXGroup;
			children = (
				969C571F28C9234D00D1BA9C /* MyLearnings.swift */,
				9662C5D328C9A6F30053C255 /* Section-1 */,
				968DFB3728CB81F200657D72 /* Section-2 */,
				969C66B228CC73C9005EAC29 /* Section-3 */,
				96E3EBBF28CE0223007C60AC /* Section-4 */,
				9650E4D028D11934001923DB /* Section-5 */,
				96994EF828D37E72002ECBDD /* Section-6 */,
				969C158828D5A73F00A920DC /* Section-7 */,
				9665279D28D63FB900BF5DA6 /* Section-8 */,
			);
			path = MyLearnings;
			sourceTree = "<group>";
		};
		9662C5D128C9A6890053C255 /* Supporting Files */ = {
			isa = PBXGroup;
			children = (
				969944CA28C79B42001F98D4 /* Order.swift */,
				969944C828C79B42001F98D4 /* Helper.swift */,
				969944C728C79B42001F98D4 /* menu.json */,
			);
			path = "Supporting Files";
			sourceTree = "<group>";
		};
		9662C5D228C9A6AC0053C255 /* Views */ = {
			isa = PBXGroup;
			children = (
				969C571928C8FD0C00D1BA9C /* OrderView.swift */,
				969C571B28C8FFBD00D1BA9C /* MainView.swift */,
				969944C928C79B42001F98D4 /* Menu.swift */,
				969C571528C8E2AE00D1BA9C /* ItemRow.swift */,
				969C571728C8EBDE00D1BA9C /* ItemDetail.swift */,
				969944BB28C799A5001F98D4 /* ContentView.swift */,
				969C571D28C90E8B00D1BA9C /* CheckoutView.swift */,
			);
			path = Views;
			sourceTree = "<group>";
		};
		9662C5D328C9A6F30053C255 /* Section-1 */ = {
			isa = PBXGroup;
			children = (
				968DFB3528CB5DEC00657D72 /* Example_1_Main.swift */,
				9662C5CF28C9A3CE0053C255 /* Example_1_1.swift */,
				9662C5D428C9A7160053C255 /* Example_1_2.swift */,
				968F064628CA28AD00D364E4 /* Example_1_3.swift */,
				968F064828CA2B1300D364E4 /* Example_1_4.swift */,
				968F064A28CA41D900D364E4 /* Example_1_5.swift */,
				968F064C28CA546E00D364E4 /* Example_1_6.swift */,
				968F064E28CA55E900D364E4 /* Example_1_7.swift */,
				968F065028CA56B900D364E4 /* Example_1_8.swift */,
				968F065228CA6FA500D364E4 /* Example_1_9.swift */,
				968F065428CA715500D364E4 /* Example_1_10.swift */,
				968F065628CA73EE00D364E4 /* Example_1_11.swift */,
				968F065828CA74A800D364E4 /* Example_1_12.swift */,
			);
			path = "Section-1";
			sourceTree = "<group>";
		};
		9665279D28D63FB900BF5DA6 /* Section-8 */ = {
			isa = PBXGroup;
			children = (
				9665279E28D63FD800BF5DA6 /* Example_8_Main.swift */,
				966527A028D6407100BF5DA6 /* Example_8_1.swift */,
				969E72BB28D6C43400422DA6 /* Example_8_2.swift */,
				969E72BD28D6CA8100422DA6 /* Example_8_3.swift */,
				969E72BF28D6CE3500422DA6 /* Example_8_4.swift */,
				969E72C128D6D24E00422DA6 /* Example_8_5.swift */,
				969E72C328D6D79100422DA6 /* Example_8_6.swift */,
				969E72C528D7014000422DA6 /* Example_8_7.swift */,
				969E72C728D7030D00422DA6 /* Example_8_8.swift */,
				969E72C928D70B8500422DA6 /* Example_8_9.swift */,
			);
			path = "Section-8";
			sourceTree = "<group>";
		};
		968DFB3728CB81F200657D72 /* Section-2 */ = {
			isa = PBXGroup;
			children = (
				968DFB3828CB822300657D72 /* Example_2_Main.swift */,
				967648A628CBB2DD0027F77E /* Example_2_1.swift */,
				967648A828CBB70A0027F77E /* Example_2_2.swift */,
				967648AA28CBB8CD0027F77E /* Example_2_3.swift */,
				967648AC28CBBA250027F77E /* Example_2_4.swift */,
				967648AE28CBBC340027F77E /* Example_2_5.swift */,
				967648B028CBC6EF0027F77E /* Example_2_6.swift */,
				969C66A628CC50D9005EAC29 /* Example_2_7.swift */,
				969C66A828CC5921005EAC29 /* Example_2_8.swift */,
				969C66AA28CC6A02005EAC29 /* Example_2_9.swift */,
				969C66AC28CC6BA9005EAC29 /* Example_2_10.swift */,
				969C66AE28CC6E86005EAC29 /* Example_2_11.swift */,
				969C66B028CC709B005EAC29 /* Example_2_12.swift */,
			);
			path = "Section-2";
			sourceTree = "<group>";
		};
		969944AD28C799A5001F98D4 = {
			isa = PBXGroup;
			children = (
				969944B828C799A5001F98D4 /* iDine */,
				969944B728C799A5001F98D4 /* Products */,
			);
			sourceTree = "<group>";
		};
		969944B728C799A5001F98D4 /* Products */ = {
			isa = PBXGroup;
			children = (
				969944B628C799A5001F98D4 /* iDine.app */,
			);
			name = Products;
			sourceTree = "<group>";
		};
		969944B828C799A5001F98D4 /* iDine */ = {
			isa = PBXGroup;
			children = (
				96B8100B28D1F39D00F76E8B /* AppDelegate.swift */,
				969944B928C799A5001F98D4 /* iDineApp.swift */,
				9662C5D228C9A6AC0053C255 /* Views */,
				9662C5D128C9A6890053C255 /* Supporting Files */,
				9662C5CE28C9A3A50053C255 /* MyLearnings */,
				969944BD28C799A7001F98D4 /* Assets.xcassets */,
				969944BF28C799A7001F98D4 /* Preview Content */,
			);
			path = iDine;
			sourceTree = "<group>";
		};
		969944BF28C799A7001F98D4 /* Preview Content */ = {
			isa = PBXGroup;
			children = (
				969944C028C799A7001F98D4 /* Preview Assets.xcassets */,
			);
			path = "Preview Content";
			sourceTree = "<group>";
		};
		96994EF828D37E72002ECBDD /* Section-6 */ = {
			isa = PBXGroup;
			children = (
				96994EF928D37EB5002ECBDD /* Example_6_Main.swift */,
				96994EFB28D37EDF002ECBDD /* Example_6_1.swift */,
				96994EFD28D3B0CD002ECBDD /* Example_6_2.swift */,
				96994EFF28D3B329002ECBDD /* Example_6_3.swift */,
				969D29C328D4B88C00443238 /* Example_6_4.swift */,
				969D29C528D4B9C500443238 /* Example_6_5.swift */,
				969D29C728D4BB2300443238 /* Example_6_6.swift */,
				969D29C928D4BE4200443238 /* Example_6_7.swift */,
				969D29CB28D4BFD900443238 /* Example_6_8.swift */,
			);
			path = "Section-6";
			sourceTree = "<group>";
		};
		969C158828D5A73F00A920DC /* Section-7 */ = {
			isa = PBXGroup;
			children = (
				969C158928D5A76600A920DC /* Example_7_Main.swift */,
				969C158B28D5A78300A920DC /* Example_7_1.swift */,
				969C158D28D5D37C00A920DC /* Example_7_2.swift */,
				969C158F28D5D5BD00A920DC /* Example_7_3.swift */,
				969C159128D5D96B00A920DC /* Example_7_4.swift */,
				9665279728D612D500BF5DA6 /* Example_7_5.swift */,
				9665279928D61C4100BF5DA6 /* Example_7_6.swift */,
				9665279B28D63C6900BF5DA6 /* Example_7_7.swift */,
			);
			path = "Section-7";
			sourceTree = "<group>";
		};
		969C66B228CC73C9005EAC29 /* Section-3 */ = {
			isa = PBXGroup;
			children = (
				969C66B328CC73F6005EAC29 /* Example_3_Main.swift */,
				969C66B528CC756E005EAC29 /* Example_3_1.swift */,
				969C66B728CCA981005EAC29 /* Example_3_2.swift */,
				969C66B928CCABAA005EAC29 /* Example_3_3.swift */,
				96E3EBB528CDC838007C60AC /* Example_3_4.swift */,
				96E3EBB728CDD140007C60AC /* Example_3_5.swift */,
				96E3EBB928CDD39E007C60AC /* Example_3_6.swift */,
				96E3EBBB28CDD5AD007C60AC /* Example_3_7.swift */,
				96E3EBBD28CDF07F007C60AC /* Example_3_8.swift */,
			);
			path = "Section-3";
			sourceTree = "<group>";
		};
		96E3EBBF28CE0223007C60AC /* Section-4 */ = {
			isa = PBXGroup;
			children = (
				96E3EBC028CE0242007C60AC /* Example_4_Main.swift */,
				96E3EBC228CE06DC007C60AC /* Example_4_1.swift */,
				96E3EBC428CE1943007C60AC /* Example_4_2.swift */,
				968EA53F28CF932E00736416 /* Example_4_3.swift */,
				968EA54128CFA9A200736416 /* Example_4_4.swift */,
				968EA54328CFAAC300736416 /* Example_4_5.swift */,
				968EA54528CFAD3100736416 /* Example_4_6.swift */,
				968EA54728CFAF8100736416 /* Example_4_7.swift */,
				9650E4B828D10318001923DB /* Example_4_8.swift */,
				9650E4BA28D104E1001923DB /* Example_4_9.swift */,
				9650E4BC28D1062D001923DB /* Example_4_10.swift */,
				9650E4BE28D107AF001923DB /* Example_4_11.swift */,
				9650E4C028D10942001923DB /* Example_4_12.swift */,
				9650E4C228D10A0D001923DB /* Example_4_13.swift */,
				9650E4C428D10E56001923DB /* Example_4_14.swift */,
				9650E4C628D11259001923DB /* Example_4_15.swift */,
				9650E4C828D11480001923DB /* Example_4_16.swift */,
				9650E4CA28D1158A001923DB /* Example_4_17.swift */,
				9650E4CC28D116DD001923DB /* Example_4_18.swift */,
				9650E4CE28D118C7001923DB /* Example_4_19.swift */,
			);
			path = "Section-4";
			sourceTree = "<group>";
		};
/* End PBXGroup section */

/* Begin PBXNativeTarget section */
		969944B528C799A5001F98D4 /* iDine */ = {
			isa = PBXNativeTarget;
			buildConfigurationList = 969944C428C799A7001F98D4 /* Build configuration list for PBXNativeTarget "iDine" */;
			buildPhases = (
				969944B228C799A5001F98D4 /* Sources */,
				969944B328C799A5001F98D4 /* Frameworks */,
				969944B428C799A5001F98D4 /* Resources */,
			);
			buildRules = (
			);
			dependencies = (
			);
			name = iDine;
			productName = iDine;
			productReference = 969944B628C799A5001F98D4 /* iDine.app */;
			productType = "com.apple.product-type.application";
		};
/* End PBXNativeTarget section */

/* Begin PBXProject section */
		969944AE28C799A5001F98D4 /* Project object */ = {
			isa = PBXProject;
			attributes = {
				BuildIndependentTargetsInParallel = 1;
				LastSwiftUpdateCheck = 1340;
				LastUpgradeCheck = 1340;
				TargetAttributes = {
					969944B528C799A5001F98D4 = {
						CreatedOnToolsVersion = 13.4.1;
					};
				};
			};
			buildConfigurationList = 969944B128C799A5001F98D4 /* Build configuration list for PBXProject "iDine" */;
			compatibilityVersion = "Xcode 13.0";
			developmentRegion = en;
			hasScannedForEncodings = 0;
			knownRegions = (
				en,
				Base,
			);
			mainGroup = 969944AD28C799A5001F98D4;
			productRefGroup = 969944B728C799A5001F98D4 /* Products */;
			projectDirPath = "";
			projectRoot = "";
			targets = (
				969944B528C799A5001F98D4 /* iDine */,
			);
		};
/* End PBXProject section */

/* Begin PBXResourcesBuildPhase section */
		969944B428C799A5001F98D4 /* Resources */ = {
			isa = PBXResourcesBuildPhase;
			buildActionMask = 2147483647;
			files = (
				969944CB28C79B42001F98D4 /* menu.json in Resources */,
				969944C128C799A7001F98D4 /* Preview Assets.xcassets in Resources */,
				969944BE28C799A7001F98D4 /* Assets.xcassets in Resources */,
			);
			runOnlyForDeploymentPostprocessing = 0;
		};
/* End PBXResourcesBuildPhase section */

/* Begin PBXSourcesBuildPhase section */
		969944B228C799A5001F98D4 /* Sources */ = {
			isa = PBXSourcesBuildPhase;
			buildActionMask = 2147483647;
			files = (
				969E72BC28D6C43400422DA6 /* Example_8_2.swift in Sources */,
				968F065128CA56B900D364E4 /* Example_1_8.swift in Sources */,
				969D29C628D4B9C500443238 /* Example_6_5.swift in Sources */,
				96E3EBC128CE0242007C60AC /* Example_4_Main.swift in Sources */,
				969C66AB28CC6A02005EAC29 /* Example_2_9.swift in Sources */,
				969C571828C8EBDE00D1BA9C /* ItemDetail.swift in Sources */,
				9650E4B928D10318001923DB /* Example_4_8.swift in Sources */,
				9650E4BD28D1062D001923DB /* Example_4_10.swift in Sources */,
				968F064D28CA546E00D364E4 /* Example_1_6.swift in Sources */,
				96994EF528D37CDC002ECBDD /* Example_5_6.swift in Sources */,
				9650E4C728D11259001923DB /* Example_4_15.swift in Sources */,
				969D29CC28D4BFD900443238 /* Example_6_8.swift in Sources */,
				969E72BE28D6CA8100422DA6 /* Example_8_3.swift in Sources */,
				969D29C428D4B88C00443238 /* Example_6_4.swift in Sources */,
				96B8101428D212F300F76E8B /* Example_5_5_1.swift in Sources */,
				969C571C28C8FFBD00D1BA9C /* MainView.swift in Sources */,
				969C571E28C90E8B00D1BA9C /* CheckoutView.swift in Sources */,
				966527A128D6407100BF5DA6 /* Example_8_1.swift in Sources */,
				968DFB3928CB822300657D72 /* Example_2_Main.swift in Sources */,
				967648AD28CBBA250027F77E /* Example_2_4.swift in Sources */,
				969E72C428D6D79100422DA6 /* Example_8_6.swift in Sources */,
				96B8100E28D1F95700F76E8B /* Example_5_3.swift in Sources */,
				969D29C828D4BB2300443238 /* Example_6_6.swift in Sources */,
				96994F0028D3B329002ECBDD /* Example_6_3.swift in Sources */,
				969C571A28C8FD0D00D1BA9C /* OrderView.swift in Sources */,
				967648AB28CBB8CD0027F77E /* Example_2_3.swift in Sources */,
				968EA54828CFAF8100736416 /* Example_4_7.swift in Sources */,
				9662C5D028C9A3CE0053C255 /* Example_1_1.swift in Sources */,
				969E72C228D6D24E00422DA6 /* Example_8_5.swift in Sources */,
				968EA54228CFA9A200736416 /* Example_4_4.swift in Sources */,
				968F065928CA74A800D364E4 /* Example_1_12.swift in Sources */,
				96B8100C28D1F39D00F76E8B /* AppDelegate.swift in Sources */,
				969E72C028D6CE3500422DA6 /* Example_8_4.swift in Sources */,
				969C66B128CC709B005EAC29 /* Example_2_12.swift in Sources */,
				969C158C28D5A78300A920DC /* Example_7_1.swift in Sources */,
				9650E4CB28D1158A001923DB /* Example_4_17.swift in Sources */,
				969E72C828D7030D00422DA6 /* Example_8_8.swift in Sources */,
				96B8100828D1C33900F76E8B /* Example_5_1.swift in Sources */,
				968EA54628CFAD3100736416 /* Example_4_6.swift in Sources */,
				96E3EBB828CDD140007C60AC /* Example_3_5.swift in Sources */,
				969C66A928CC5921005EAC29 /* Example_2_8.swift in Sources */,
				969944BC28C799A5001F98D4 /* ContentView.swift in Sources */,
				9650E4C928D11480001923DB /* Example_4_16.swift in Sources */,
				96B8101228D2068800F76E8B /* Example_5_5.swift in Sources */,
				969C159228D5D96B00A920DC /* Example_7_4.swift in Sources */,
				969C66AD28CC6BA9005EAC29 /* Example_2_10.swift in Sources */,
				969C66AF28CC6E86005EAC29 /* Example_2_11.swift in Sources */,
				968F064728CA28AD00D364E4 /* Example_1_3.swift in Sources */,
				967648A928CBB70A0027F77E /* Example_2_2.swift in Sources */,
				969D29CA28D4BE4200443238 /* Example_6_7.swift in Sources */,
				9650E4CF28D118C7001923DB /* Example_4_19.swift in Sources */,
				96E3EBB628CDC838007C60AC /* Example_3_4.swift in Sources */,
				969C66B628CC756E005EAC29 /* Example_3_1.swift in Sources */,
				968F064928CA2B1300D364E4 /* Example_1_4.swift in Sources */,
				969E72CA28D70B8500422DA6 /* Example_8_9.swift in Sources */,
				968F065728CA73EE00D364E4 /* Example_1_11.swift in Sources */,
				969E72C628D7014000422DA6 /* Example_8_7.swift in Sources */,
				968EA54028CF932E00736416 /* Example_4_3.swift in Sources */,
				96E3EBC528CE1943007C60AC /* Example_4_2.swift in Sources */,
				9665279828D612D500BF5DA6 /* Example_7_5.swift in Sources */,
				969944BA28C799A5001F98D4 /* iDineApp.swift in Sources */,
				968F064F28CA55E900D364E4 /* Example_1_7.swift in Sources */,
				96E3EBC328CE06DC007C60AC /* Example_4_1.swift in Sources */,
				9650E4C328D10A0D001923DB /* Example_4_13.swift in Sources */,
				967648A728CBB2DD0027F77E /* Example_2_1.swift in Sources */,
				968F065328CA6FA500D364E4 /* Example_1_9.swift in Sources */,
				968DFB3628CB5DEC00657D72 /* Example_1_Main.swift in Sources */,
				9665279F28D63FD800BF5DA6 /* Example_8_Main.swift in Sources */,
				969C66B828CCA981005EAC29 /* Example_3_2.swift in Sources */,
				968EA54428CFAAC300736416 /* Example_4_5.swift in Sources */,
				96994EFA28D37EB5002ECBDD /* Example_6_Main.swift in Sources */,
				9662C5D528C9A7160053C255 /* Example_1_2.swift in Sources */,
				967648B128CBC6EF0027F77E /* Example_2_6.swift in Sources */,
				968F065528CA715500D364E4 /* Example_1_10.swift in Sources */,
				9665279C28D63C6900BF5DA6 /* Example_7_7.swift in Sources */,
				969944CE28C79B42001F98D4 /* Order.swift in Sources */,
				969C571628C8E2AE00D1BA9C /* ItemRow.swift in Sources */,
				969C158A28D5A76600A920DC /* Example_7_Main.swift in Sources */,
				96E3EBBA28CDD39E007C60AC /* Example_3_6.swift in Sources */,
				96B8100A28D1C56E00F76E8B /* Example_5_2.swift in Sources */,
				96994EF728D37E13002ECBDD /* Example_5_7.swift in Sources */,
				96B8101028D203CB00F76E8B /* Example_5_4.swift in Sources */,
				9665279A28D61C4100BF5DA6 /* Example_7_6.swift in Sources */,
				968F064B28CA41D900D364E4 /* Example_1_5.swift in Sources */,
				96E3EBBC28CDD5AD007C60AC /* Example_3_7.swift in Sources */,
				969C158E28D5D37C00A920DC /* Example_7_2.swift in Sources */,
				969C159028D5D5BD00A920DC /* Example_7_3.swift in Sources */,
				96994EFE28D3B0CD002ECBDD /* Example_6_2.swift in Sources */,
				96994EFC28D37EDF002ECBDD /* Example_6_1.swift in Sources */,
				969C66BA28CCABAA005EAC29 /* Example_3_3.swift in Sources */,
				969944CD28C79B42001F98D4 /* Menu.swift in Sources */,
				969C572028C9234D00D1BA9C /* MyLearnings.swift in Sources */,
				9650E4C528D10E56001923DB /* Example_4_14.swift in Sources */,
				969944CC28C79B42001F98D4 /* Helper.swift in Sources */,
				96B8100628D1C2B900F76E8B /* Example_5_Main.swift in Sources */,
				9650E4BB28D104E1001923DB /* Example_4_9.swift in Sources */,
				9650E4BF28D107AF001923DB /* Example_4_11.swift in Sources */,
				969C66B428CC73F6005EAC29 /* Example_3_Main.swift in Sources */,
				9650E4CD28D116DD001923DB /* Example_4_18.swift in Sources */,
				9650E4C128D10942001923DB /* Example_4_12.swift in Sources */,
				96E3EBBE28CDF07F007C60AC /* Example_3_8.swift in Sources */,
				967648AF28CBBC340027F77E /* Example_2_5.swift in Sources */,
				969C66A728CC50D9005EAC29 /* Example_2_7.swift in Sources */,
			);
			runOnlyForDeploymentPostprocessing = 0;
		};
/* End PBXSourcesBuildPhase section */

/* Begin XCBuildConfiguration section */
		969944C228C799A7001F98D4 /* Debug */ = {
			isa = XCBuildConfiguration;
			buildSettings = {
				ALWAYS_SEARCH_USER_PATHS = NO;
				CLANG_ANALYZER_NONNULL = YES;
				CLANG_ANALYZER_NUMBER_OBJECT_CONVERSION = YES_AGGRESSIVE;
				CLANG_CXX_LANGUAGE_STANDARD = "gnu++17";
				CLANG_ENABLE_MODULES = YES;
				CLANG_ENABLE_OBJC_ARC = YES;
				CLANG_ENABLE_OBJC_WEAK = YES;
				CLANG_WARN_BLOCK_CAPTURE_AUTORELEASING = YES;
				CLANG_WARN_BOOL_CONVERSION = YES;
				CLANG_WARN_COMMA = YES;
				CLANG_WARN_CONSTANT_CONVERSION = YES;
				CLANG_WARN_DEPRECATED_OBJC_IMPLEMENTATIONS = YES;
				CLANG_WARN_DIRECT_OBJC_ISA_USAGE = YES_ERROR;
				CLANG_WARN_DOCUMENTATION_COMMENTS = YES;
				CLANG_WARN_EMPTY_BODY = YES;
				CLANG_WARN_ENUM_CONVERSION = YES;
				CLANG_WARN_INFINITE_RECURSION = YES;
				CLANG_WARN_INT_CONVERSION = YES;
				CLANG_WARN_NON_LITERAL_NULL_CONVERSION = YES;
				CLANG_WARN_OBJC_IMPLICIT_RETAIN_SELF = YES;
				CLANG_WARN_OBJC_LITERAL_CONVERSION = YES;
				CLANG_WARN_OBJC_ROOT_CLASS = YES_ERROR;
				CLANG_WARN_QUOTED_INCLUDE_IN_FRAMEWORK_HEADER = YES;
				CLANG_WARN_RANGE_LOOP_ANALYSIS = YES;
				CLANG_WARN_STRICT_PROTOTYPES = YES;
				CLANG_WARN_SUSPICIOUS_MOVE = YES;
				CLANG_WARN_UNGUARDED_AVAILABILITY = YES_AGGRESSIVE;
				CLANG_WARN_UNREACHABLE_CODE = YES;
				CLANG_WARN__DUPLICATE_METHOD_MATCH = YES;
				COPY_PHASE_STRIP = NO;
				DEBUG_INFORMATION_FORMAT = dwarf;
				ENABLE_STRICT_OBJC_MSGSEND = YES;
				ENABLE_TESTABILITY = YES;
				GCC_C_LANGUAGE_STANDARD = gnu11;
				GCC_DYNAMIC_NO_PIC = NO;
				GCC_NO_COMMON_BLOCKS = YES;
				GCC_OPTIMIZATION_LEVEL = 0;
				GCC_PREPROCESSOR_DEFINITIONS = (
					"DEBUG=1",
					"$(inherited)",
				);
				GCC_WARN_64_TO_32_BIT_CONVERSION = YES;
				GCC_WARN_ABOUT_RETURN_TYPE = YES_ERROR;
				GCC_WARN_UNDECLARED_SELECTOR = YES;
				GCC_WARN_UNINITIALIZED_AUTOS = YES_AGGRESSIVE;
				GCC_WARN_UNUSED_FUNCTION = YES;
				GCC_WARN_UNUSED_VARIABLE = YES;
				IPHONEOS_DEPLOYMENT_TARGET = 15.5;
				MTL_ENABLE_DEBUG_INFO = INCLUDE_SOURCE;
				MTL_FAST_MATH = YES;
				ONLY_ACTIVE_ARCH = YES;
				SDKROOT = iphoneos;
				SWIFT_ACTIVE_COMPILATION_CONDITIONS = DEBUG;
				SWIFT_OPTIMIZATION_LEVEL = "-Onone";
			};
			name = Debug;
		};
		969944C328C799A7001F98D4 /* Release */ = {
			isa = XCBuildConfiguration;
			buildSettings = {
				ALWAYS_SEARCH_USER_PATHS = NO;
				CLANG_ANALYZER_NONNULL = YES;
				CLANG_ANALYZER_NUMBER_OBJECT_CONVERSION = YES_AGGRESSIVE;
				CLANG_CXX_LANGUAGE_STANDARD = "gnu++17";
				CLANG_ENABLE_MODULES = YES;
				CLANG_ENABLE_OBJC_ARC = YES;
				CLANG_ENABLE_OBJC_WEAK = YES;
				CLANG_WARN_BLOCK_CAPTURE_AUTORELEASING = YES;
				CLANG_WARN_BOOL_CONVERSION = YES;
				CLANG_WARN_COMMA = YES;
				CLANG_WARN_CONSTANT_CONVERSION = YES;
				CLANG_WARN_DEPRECATED_OBJC_IMPLEMENTATIONS = YES;
				CLANG_WARN_DIRECT_OBJC_ISA_USAGE = YES_ERROR;
				CLANG_WARN_DOCUMENTATION_COMMENTS = YES;
				CLANG_WARN_EMPTY_BODY = YES;
				CLANG_WARN_ENUM_CONVERSION = YES;
				CLANG_WARN_INFINITE_RECURSION = YES;
				CLANG_WARN_INT_CONVERSION = YES;
				CLANG_WARN_NON_LITERAL_NULL_CONVERSION = YES;
				CLANG_WARN_OBJC_IMPLICIT_RETAIN_SELF = YES;
				CLANG_WARN_OBJC_LITERAL_CONVERSION = YES;
				CLANG_WARN_OBJC_ROOT_CLASS = YES_ERROR;
				CLANG_WARN_QUOTED_INCLUDE_IN_FRAMEWORK_HEADER = YES;
				CLANG_WARN_RANGE_LOOP_ANALYSIS = YES;
				CLANG_WARN_STRICT_PROTOTYPES = YES;
				CLANG_WARN_SUSPICIOUS_MOVE = YES;
				CLANG_WARN_UNGUARDED_AVAILABILITY = YES_AGGRESSIVE;
				CLANG_WARN_UNREACHABLE_CODE = YES;
				CLANG_WARN__DUPLICATE_METHOD_MATCH = YES;
				COPY_PHASE_STRIP = NO;
				DEBUG_INFORMATION_FORMAT = "dwarf-with-dsym";
				ENABLE_NS_ASSERTIONS = NO;
				ENABLE_STRICT_OBJC_MSGSEND = YES;
				GCC_C_LANGUAGE_STANDARD = gnu11;
				GCC_NO_COMMON_BLOCKS = YES;
				GCC_WARN_64_TO_32_BIT_CONVERSION = YES;
				GCC_WARN_ABOUT_RETURN_TYPE = YES_ERROR;
				GCC_WARN_UNDECLARED_SELECTOR = YES;
				GCC_WARN_UNINITIALIZED_AUTOS = YES_AGGRESSIVE;
				GCC_WARN_UNUSED_FUNCTION = YES;
				GCC_WARN_UNUSED_VARIABLE = YES;
				IPHONEOS_DEPLOYMENT_TARGET = 15.5;
				MTL_ENABLE_DEBUG_INFO = NO;
				MTL_FAST_MATH = YES;
				SDKROOT = iphoneos;
				SWIFT_COMPILATION_MODE = wholemodule;
				SWIFT_OPTIMIZATION_LEVEL = "-O";
				VALIDATE_PRODUCT = YES;
			};
			name = Release;
		};
		969944C528C799A7001F98D4 /* Debug */ = {
			isa = XCBuildConfiguration;
			buildSettings = {
				ASSETCATALOG_COMPILER_APPICON_NAME = AppIcon;
				ASSETCATALOG_COMPILER_GLOBAL_ACCENT_COLOR_NAME = AccentColor;
				CODE_SIGN_STYLE = Automatic;
				CURRENT_PROJECT_VERSION = 1;
				DEVELOPMENT_ASSET_PATHS = "\"iDine/Preview Content\"";
				ENABLE_PREVIEWS = YES;
				GENERATE_INFOPLIST_FILE = YES;
				INFOPLIST_KEY_UIApplicationSceneManifest_Generation = YES;
				INFOPLIST_KEY_UIApplicationSupportsIndirectInputEvents = YES;
				INFOPLIST_KEY_UILaunchScreen_Generation = YES;
				INFOPLIST_KEY_UISupportedInterfaceOrientations_iPad = "UIInterfaceOrientationPortrait UIInterfaceOrientationPortraitUpsideDown UIInterfaceOrientationLandscapeLeft UIInterfaceOrientationLandscapeRight";
				INFOPLIST_KEY_UISupportedInterfaceOrientations_iPhone = "UIInterfaceOrientationPortrait UIInterfaceOrientationLandscapeLeft UIInterfaceOrientationLandscapeRight";
				LD_RUNPATH_SEARCH_PATHS = (
					"$(inherited)",
					"@executable_path/Frameworks",
				);
				MARKETING_VERSION = 1.0;
				PRODUCT_BUNDLE_IDENTIFIER = com.sagar.swiftExamples.iDine;
				PRODUCT_NAME = "$(TARGET_NAME)";
				SWIFT_EMIT_LOC_STRINGS = YES;
				SWIFT_VERSION = 5.0;
				TARGETED_DEVICE_FAMILY = "1,2";
			};
			name = Debug;
		};
		969944C628C799A7001F98D4 /* Release */ = {
			isa = XCBuildConfiguration;
			buildSettings = {
				ASSETCATALOG_COMPILER_APPICON_NAME = AppIcon;
				ASSETCATALOG_COMPILER_GLOBAL_ACCENT_COLOR_NAME = AccentColor;
				CODE_SIGN_STYLE = Automatic;
				CURRENT_PROJECT_VERSION = 1;
				DEVELOPMENT_ASSET_PATHS = "\"iDine/Preview Content\"";
				ENABLE_PREVIEWS = YES;
				GENERATE_INFOPLIST_FILE = YES;
				INFOPLIST_KEY_UIApplicationSceneManifest_Generation = YES;
				INFOPLIST_KEY_UIApplicationSupportsIndirectInputEvents = YES;
				INFOPLIST_KEY_UILaunchScreen_Generation = YES;
				INFOPLIST_KEY_UISupportedInterfaceOrientations_iPad = "UIInterfaceOrientationPortrait UIInterfaceOrientationPortraitUpsideDown UIInterfaceOrientationLandscapeLeft UIInterfaceOrientationLandscapeRight";
				INFOPLIST_KEY_UISupportedInterfaceOrientations_iPhone = "UIInterfaceOrientationPortrait UIInterfaceOrientationLandscapeLeft UIInterfaceOrientationLandscapeRight";
				LD_RUNPATH_SEARCH_PATHS = (
					"$(inherited)",
					"@executable_path/Frameworks",
				);
				MARKETING_VERSION = 1.0;
				PRODUCT_BUNDLE_IDENTIFIER = com.sagar.swiftExamples.iDine;
				PRODUCT_NAME = "$(TARGET_NAME)";
				SWIFT_EMIT_LOC_STRINGS = YES;
				SWIFT_VERSION = 5.0;
				TARGETED_DEVICE_FAMILY = "1,2";
			};
			name = Release;
		};
/* End XCBuildConfiguration section */

/* Begin XCConfigurationList section */
		969944B128C799A5001F98D4 /* Build configuration list for PBXProject "iDine" */ = {
			isa = XCConfigurationList;
			buildConfigurations = (
				969944C228C799A7001F98D4 /* Debug */,
				969944C328C799A7001F98D4 /* Release */,
			);
			defaultConfigurationIsVisible = 0;
			defaultConfigurationName = Release;
		};
		969944C428C799A7001F98D4 /* Build configuration list for PBXNativeTarget "iDine" */ = {
			isa = XCConfigurationList;
			buildConfigurations = (
				969944C528C799A7001F98D4 /* Debug */,
				969944C628C799A7001F98D4 /* Release */,
			);
			defaultConfigurationIsVisible = 0;
			defaultConfigurationName = Release;
		};
/* End XCConfigurationList section */
	};
	rootObject = 969944AE28C799A5001F98D4 /* Project object */;
}
